github.com/chromedp/cdproto v0.0.0-20190812224334-39ef923dcb8d h1:00kLGv5nKzpFchNhGDXDRbKtYx/WoT983Ka2t8/pzRE=
github.com/chromedp/cdproto v0.0.0-20190812224334-39ef923dcb8d/go.mod h1:0YChpVzuLJC5CPr+x3xkHN6Z8KOSXjNbL7qV8Wc4GW0=
github.com/chromedp/cdproto v0.0.0-20200116234248-4da64dd111ac h1:T7V5BXqnYd55Hj/g5uhDYumg9Fp3rMTS6bykYtTIFX4=
github.com/chromedp/cdproto v0.0.0-20200116234248-4da64dd111ac/go.mod h1:PfAWWKJqjlGFYJEidUM6aVIWPr0EpobeyVWEEmplX7g=
github.com/chromedp/cdproto v0.0.0-20200209033844-7e00b02ea7d2/go.mod h1:PfAWWKJqjlGFYJEidUM6aVIWPr0EpobeyVWEEmplX7g=
github.com/chromedp/cdproto v0.0.0-20200608134039-8a80cdaf865c h1:qM1xzKK8kc93zKPkxK4iqtjksqDDrU6g9wGnr30jyLo=
github.com/chromedp/cdproto v0.0.0-20200608134039-8a80cdaf865c/go.mod h1:E6LPWRdIJc11h/di5p0rwvRmUYbhGpBEH7ZbPfzDIOE=
github.com/chromedp/cdproto v0.0.0-20240202021202-6d0b6a386732/go.mod h1:GKljq0VrfU4D5yc+2qA6OVr8pmO/MBbPEWqWQ/oqGEs=
github.com/chromedp/cdproto v0.0.0-20240721024200-dac8efcb39ce h1:pvzUsAunw3R7swXkLT6vqv81Awhnds43mbZHAzhn2pQ=
github.com/chromedp/cdproto v0.0.0-20240721024200-dac8efcb39ce/go.mod h1:GKljq0VrfU4D5yc+2qA6OVr8pmO/MBbPEWqWQ/oqGEs=
github.com/chromedp/chromedp v0.4.0 h1:0AJC5ejETuh/6n7Tcsw4u4G0eKZkI9aVRwckWaImLUE=
github.com/chromedp/chromedp v0.4.0/go.mod h1:DC3QUn4mJ24dwjcaGQLoZrhm4X/uPHZ6spDbS2uFhm4=
github.com/chromedp/chromedp v0.5.3 h1:F9LafxmYpsQhWQBdCs+6Sret1zzeeFyHS5LkRF//Ffg=
github.com/chromedp/chromedp v0.5.3/go.mod h1:YLdPtndaHQ4rCpSpBG+IPpy9JvX0VD+7aaLxYgYj28w=
github.com/chromedp/chromedp v0.5.4-0.20200624114048-353306f986a8 h1:JU/73ZWIwh2HUPEt1pFKoVOhT8hMS6Q9WQ382v0WUjI=
github.com/chromedp/chromedp v0.5.4-0.20200624114048-353306f986a8/go.mod h1:fIICWzcY8T8pfGlPyweJ5MNnBi2dGZgoRn/t4BOu7gA=
github.com/chromedp/chromedp v0.9.5 h1:viASzruPJOiThk7c5bueOUY91jGLJVximoEMGoH93rg=
github.com/chromedp/chromedp v0.9.5/go.mod h1:D4I2qONslauw/C7INoCir1BJkSwBYMyZgx8X276z3+Y=
github.com/chromedp/sysutil v1.0.0 h1:+ZxhTpfpZlmchB58ih/LBHX52ky7w2VhQVKQMucy3Ic=
github.com/chromedp/sysutil v1.0.0/go.mod h1:kgWmDdq8fTzXYcKIBqIYvRRTnYb9aNS9moAV0xufSww=
github.com/gobwas/httphead v0.0.0-20180130184737-2c6c146eadee h1:s+21KNqlpePfkah2I+gwHF8xmJWRjooY+5248k6m4A0=
github.com/gobwas/httphead v0.0.0-20180130184737-2c6c146eadee/go.mod h1:L0fX3K22YWvt/FAX9NnzrNzcI4wNYi9Yku4O0LKYflo=
github.com/gobwas/httphead v0.1.0 h1:exrUm0f4YX0L7EBwZHuCF4GDp8aJfVeBrlLQrs6NqWU=
github.com/gobwas/httphead v0.1.0/go.mod h1:O/RXo79gxV8G+RqlR/otEwx4Q36zl9rqC5u12GKvMCM=
github.com/gobwas/pool v0.2.0 h1:QEmUOlnSjWtnpRGHF3SauEiOsy82Cup83Vf2LcMlnc8=
github.com/gobwas/pool v0.2.0/go.mod h1:q8bcK0KcYlCgd9e7WYLm9LpyS+YeLd8JVDW6WezmKEw=
github.com/gobwas/pool v0.2.1 h1:xfeeEhW7pwmX8nuLVlqbzVc7udMDrwetjEv+TZIz1og=
github.com/gobwas/pool v0.2.1/go.mod h1:q8bcK0KcYlCgd9e7WYLm9LpyS+YeLd8JVDW6WezmKEw=
github.com/gobwas/ws v1.0.2 h1:CoAavW/wd/kulfZmSIBt6p24n4j7tHgNVCjsfHVNUbo=
github.com/gobwas/ws v1.0.2/go.mod h1:szmBTxLgaFppYjEmNtny/v3w89xOydFnnZMcgRRu/EM=
github.com/gobwas/ws v1.0.3 h1:ZOigqf7iBxkA4jdQ3am7ATzdlOFp9YzA6NmuvEEZc9g=
github.com/gobwas/ws v1.0.3/go.mod h1:szmBTxLgaFppYjEmNtny/v3w89xOydFnnZMcgRRu/EM=
github.com/gobwas/ws v1.3.2 h1:zlnbNHxumkRvfPWgfXu8RBwyNR1x8wh9cf5PTOCqs9Q=
github.com/gobwas/ws v1.3.2/go.mod h1:hRKAFb8wOxFROYNsT1bqfWnhX+b5MFeJM9r2ZSwg/KY=
github.com/josharian/intern v1.0.0 h1:vlS4z54oSdjm0bgjRigI+G1HpF+tI+9rE5LLzOg8HmY=
github.com/josharian/intern v1.0.0/go.mod h1:5DoeVV0s6jJacbCEi61lwdGj/aVlrQvzHFFd8Hwg//Y=
github.com/knq/sysutil v0.0.0-20181215143952-f05b59f0f307 h1:vl4eIlySbjertFaNwiMjXsGrFVK25aOWLq7n+3gh2ls=
github.com/knq/sysutil v0.0.0-20181215143952-f05b59f0f307/go.mod h1:BjPj+aVjl9FW/cCGiF3nGh5v+9Gd3VCgBQbod/GlMaQ=
github.com/knq/sysutil v0.0.0-20191005231841-15668db23d08 h1:V0an7KRw92wmJysvFvtqtKMAPmvS5O0jtB0nYo6t+gs=
github.com/knq/sysutil v0.0.0-20191005231841-15668db23d08/go.mod h1:dFWs1zEqDjFtnBXsd1vPOZaLsESovai349994nHx3e0=
github.com/ledongthuc/pdf v0.0.0-20220302134840-0c2507a12d80 h1:6Yzfa6GP0rIo/kULo2bwGEkFvCePZ3qHDDTC3/J9Swo=
github.com/ledongthuc/pdf v0.0.0-20220302134840-0c2507a12d80/go.mod h1:imJHygn/1yfhB7XSJJKlFZKl/J+dCPAknuiaGOshXAs=
github.com/mailru/easyjson v0.0.0-20190626092158-b2ccc519800e h1:hB2xlXdHp/pmPZq0y3QnmWAArdw9PqbmotexnWx/FU8=
github.com/mailru/easyjson v0.0.0-20190626092158-b2ccc519800e/go.mod h1:C1wdFJiN94OJF2b5HbByQZoLdCWB1Yqtg26g4irojpc=
github.com/mailru/easyjson v0.7.0 h1:aizVhC/NAAcKWb+5QsU1iNOZb4Yws5UO2I+aIprQITM=
github.com/mailru/easyjson v0.7.0/go.mod h1:KAzv3t3aY1NaHWoQz1+4F1ccyAH66Jk7yos7ldAVICs=
github.com/mailru/easyjson v0.7.1 h1:mdxE1MF9o53iCb2Ghj1VfWvh7ZOwHpnVG/xwXrV90U8=
github.com/mailru/easyjson v0.7.1/go.mod h1:KAzv3t3aY1NaHWoQz1+4F1ccyAH66Jk7yos7ldAVICs=
github.com/mailru/easyjson v0.7.7 h1:UGYAvKxe3sBsEDzO8ZeWOSlIQfWFlxbzLZe7hwFURr0=
github.com/mailru/easyjson v0.7.7/go.mod h1:xzfreul335JAWq5oZzymOObrkdz5UnU4kGfJJLY9Nlc=
github.com/orisano/pixelmatch v0.0.0-20220722002657-fb0b55479cde h1:x0TT0RDC7UhAVbbWWBzr41ElhJx5tXPWkIHA2HWPRuw=
github.com/orisano/pixelmatch v0.0.0-20220722002657-fb0b55479cde/go.mod h1:nZgzbfBr3hhjoZnS66nKrHmduYNpc34ny7RK4z5/HM0=
golang.org/x/sys v0.0.0-20190813064441-fde4db37ae7a h1:aYOabOQFp6Vj6W1F80affTUvO9UxmJRx8K0gsfABByQ=
golang.org/x/sys v0.0.0-20190813064441-fde4db37ae7a/go.mod h1:h1NjWce9XRLGQEsW7wpKNCjG9DtNlClVuFLEZdDNbEs=
golang.org/x/sys v0.0.0-20200116001909-b77594299b42 h1:vEOn+mP2zCOVzKckCZy6YsCtDblrpj/w7B9nxGNELpg=
golang.org/x/sys v0.0.0-20200116001909-b77594299b42/go.mod h1:h1NjWce9XRLGQEsW7wpKNCjG9DtNlClVuFLEZdDNbEs=
golang.org/x/sys v0.6.0/go.mod h1:oPkhp1MJrh7nUepCBck5+mAzfO9JrbApNNgaTdGDITg=
golang.org/x/sys v0.16.0/go.mod h1:/VUhepiaJMQUp4+oa/7Zr1D23ma6VTLIYjOOTFZPUcA=
